{
  "name": "hermes-kasia-bridge",
  "version": "0.1.0",
  "lockfileVersion": 3,
  "requires": true,
  "packages": {
    "": {
      "name": "hermes-kasia-bridge",
      "version": "0.1.0",
      "dependencies": {
        "@kasdk/nodejs": "0.15.2"
      }
    },
    "node_modules/@kasdk/nodejs": {
      "version": "0.15.2",
      "resolved": "https://registry.npmjs.org/@kasdk/nodejs/-/nodejs-0.15.2.tgz",
      "integrity": "sha512-BHN1J+GH++ctisvPE/g1k4ibGWb0STmEIUvjtjBe+Ik21EEQDw14/IEvvR4pG53o3HQvKJk6KfWDk7G/YUOSSw==",
      "license": "ISC"
    }
  }
}
